
Microsoft Visual Studio Solution File, Format Version 12.00
# Visual Studio 15
VisualStudioVersion = 15.0.28307.489
MinimumVisualStudioVersion = 10.0.40219.1
Project("{FAE04EC0-301F-11D3-BF4B-00C04F79EFBC}") = "MammacookedWebAPi", "MammacookedWebAPi\MammacookedWebAPi.csproj", "{BAE8EBF0-A99C-4AC6-807A-4B6392491BC3}"
EndProject
Global
	GlobalSection(SolutionConfigurationPlatforms) = preSolution
		Debug|Any CPU = Debug|Any CPU
		Release|Any CPU = Release|Any CPU
	EndGlobalSection
	GlobalSection(ProjectConfigurationPlatforms) = postSolution
		{BAE8EBF0-A99C-4AC6-807A-4B6392491BC3}.Debug|Any CPU.ActiveCfg = Debug|Any CPU
		{BAE8EBF0-A99C-4AC6-807A-4B6392491BC3}.Debug|Any CPU.Build.0 = Debug|Any CPU
		{BAE8EBF0-A99C-4AC6-807A-4B6392491BC3}.Release|Any CPU.ActiveCfg = Release|Any CPU
		{BAE8EBF0-A99C-4AC6-807A-4B6392491BC3}.Release|Any CPU.Build.0 = Release|Any CPU
	EndGlobalSection
	GlobalSection(SolutionProperties) = preSolution
		HideSolutionNode = FALSE
	EndGlobalSection
	GlobalSection(ExtensibilityGlobals) = postSolution
		SolutionGuid = {91CB9511-DA3C-4D76-8DB5-9C80549374EA}
	EndGlobalSection
EndGlobal
